
Microsoft Visual Studio Solution File, Format Version 12.00
# Visual Studio 14
VisualStudioVersion = 14.0.25420.1
MinimumVisualStudioVersion = 10.0.40219.1
Project("{FAE04EC0-301F-11D3-BF4B-00C04F79EFBC}") = "PbStore.Console", "ConsoleApplication1\PbStore.Console.csproj", "{C70A213E-B508-4F70-B5D7-4A8B254745DD}"
EndProject
Project("{FAE04EC0-301F-11D3-BF4B-00C04F79EFBC}") = "PbStore.Domain.Tests", "PbStore.Domain.Tests\PbStore.Domain.Tests.csproj", "{11C76B5E-FF9B-4522-A673-21C4CDDB6847}"
EndProject
Project("{FAE04EC0-301F-11D3-BF4B-00C04F79EFBC}") = "PbStore.Domain", "PbStore.Domain\PbStore.Domain.csproj", "{04B1BBC9-9385-4FFD-A416-A982C4DA7B59}"
EndProject
Project("{FAE04EC0-301F-11D3-BF4B-00C04F79EFBC}") = "DAO", "DAO\DAO.csproj", "{27F9E0A1-A7F0-4300-9229-4EBB4FE86A60}"
EndProject
Global
	GlobalSection(SolutionConfigurationPlatforms) = preSolution
		Debug|Any CPU = Debug|Any CPU
		Release|Any CPU = Release|Any CPU
	EndGlobalSection
	GlobalSection(ProjectConfigurationPlatforms) = postSolution
		{C70A213E-B508-4F70-B5D7-4A8B254745DD}.Debug|Any CPU.ActiveCfg = Debug|Any CPU
		{C70A213E-B508-4F70-B5D7-4A8B254745DD}.Debug|Any CPU.Build.0 = Debug|Any CPU
		{C70A213E-B508-4F70-B5D7-4A8B254745DD}.Release|Any CPU.ActiveCfg = Release|Any CPU
		{C70A213E-B508-4F70-B5D7-4A8B254745DD}.Release|Any CPU.Build.0 = Release|Any CPU
		{11C76B5E-FF9B-4522-A673-21C4CDDB6847}.Debug|Any CPU.ActiveCfg = Debug|Any CPU
		{11C76B5E-FF9B-4522-A673-21C4CDDB6847}.Debug|Any CPU.Build.0 = Debug|Any CPU
		{11C76B5E-FF9B-4522-A673-21C4CDDB6847}.Release|Any CPU.ActiveCfg = Release|Any CPU
		{11C76B5E-FF9B-4522-A673-21C4CDDB6847}.Release|Any CPU.Build.0 = Release|Any CPU
		{04B1BBC9-9385-4FFD-A416-A982C4DA7B59}.Debug|Any CPU.ActiveCfg = Debug|Any CPU
		{04B1BBC9-9385-4FFD-A416-A982C4DA7B59}.Debug|Any CPU.Build.0 = Debug|Any CPU
		{04B1BBC9-9385-4FFD-A416-A982C4DA7B59}.Release|Any CPU.ActiveCfg = Release|Any CPU
		{04B1BBC9-9385-4FFD-A416-A982C4DA7B59}.Release|Any CPU.Build.0 = Release|Any CPU
		{27F9E0A1-A7F0-4300-9229-4EBB4FE86A60}.Debug|Any CPU.ActiveCfg = Debug|Any CPU
		{27F9E0A1-A7F0-4300-9229-4EBB4FE86A60}.Debug|Any CPU.Build.0 = Debug|Any CPU
		{27F9E0A1-A7F0-4300-9229-4EBB4FE86A60}.Release|Any CPU.ActiveCfg = Release|Any CPU
		{27F9E0A1-A7F0-4300-9229-4EBB4FE86A60}.Release|Any CPU.Build.0 = Release|Any CPU
	EndGlobalSection
	GlobalSection(SolutionProperties) = preSolution
		HideSolutionNode = FALSE
	EndGlobalSection
EndGlobal
